{
  "version": 4,
  "terraform_version": "1.11.3",
  "serial": 11,
  "lineage": "249d2911-b8ef-16b6-f37b-57177b8975be",
  "outputs": {
    "application_name": {
      "value": "node-dashboard-app",
      "type": "string"
    },
    "endpoint_url": {
      "value": "awseb--AWSEB-1ZyPbpgfw506-1445287379.us-west-2.elb.amazonaws.com",
      "type": "string"
    },
    "environment_name": {
      "value": "node-dashboard-env",
      "type": "string"
    }
  },
  "resources": [
    {
      "mode": "managed",
      "type": "aws_elastic_beanstalk_application",
      "name": "node-dashboard-app",
      "provider": "provider[\"registry.terraform.io/hashicorp/aws\"]",
      "instances": [
        {
          "schema_version": 0,
          "attributes": {
            "appversion_lifecycle": [],
            "arn": "arn:aws:elasticbeanstalk:us-west-2:561989917970:application/node-dashboard-app",
            "description": "A simple Node.js dashboard",
            "id": "node-dashboard-app",
            "name": "node-dashboard-app",
            "tags": null,
            "tags_all": {}
          },
          "sensitive_attributes": [],
          "private": "bnVsbA=="
        }
      ]
    },
    {
      "mode": "managed",
      "type": "aws_elastic_beanstalk_environment",
      "name": "node-dashboard-env",
      "provider": "provider[\"registry.terraform.io/hashicorp/aws\"]",
      "instances": [
        {
          "schema_version": 1,
          "attributes": {
            "all_settings": [
              {
                "name": "AccessLogsS3Bucket",
                "namespace": "aws:elbv2:loadbalancer",
                "resource": "",
                "value": ""
              },
              {
                "name": "AccessLogsS3Enabled",
                "namespace": "aws:elbv2:loadbalancer",
                "resource": "",
                "value": "false"
              },
              {
                "name": "AccessLogsS3Prefix",
                "namespace": "aws:elbv2:loadbalancer",
                "resource": "",
                "value": ""
              },
              {
                "name": "AppSource",
                "namespace": "aws:cloudformation:template:parameter",
                "resource": "",
                "value": "https://elasticbeanstalk-platform-assets-us-west-2.s3.us-west-2.amazonaws.com/stalks/eb_nodejs22_amazon_linux_2023_1.0.599.0_20250327002531/sampleapp/EBSampleApp-Nodejs.zip"
              },
              {
                "name": "Application Healthcheck URL",
                "namespace": "aws:elasticbeanstalk:application",
                "resource": "",
                "value": ""
              },
              {
                "name": "AssociatePublicIpAddress",
                "namespace": "aws:ec2:vpc",
                "resource": "",
                "value": ""
              },
              {
                "name": "Automatically Terminate Unhealthy Instances",
                "namespace": "aws:elasticbeanstalk:monitoring",
                "resource": "",
                "value": "true"
              },
              {
                "name": "Availability Zones",
                "namespace": "aws:autoscaling:asg",
                "resource": "",
                "value": "Any"
              },
              {
                "name": "BatchSize",
                "namespace": "aws:elasticbeanstalk:command",
                "resource": "",
                "value": "100"
              },
              {
                "name": "BatchSizeType",
                "namespace": "aws:elasticbeanstalk:command",
                "resource": "",
                "value": "Percentage"
              },
              {
                "name": "BlockDeviceMappings",
                "namespace": "aws:autoscaling:launchconfiguration",
                "resource": "",
                "value": ""
              },
              {
                "name": "BreachDuration",
                "namespace": "aws:autoscaling:trigger",
                "resource": "",
                "value": "5"
              },
              {
                "name": "ConfigDocument",
                "namespace": "aws:elasticbeanstalk:healthreporting:system",
                "resource": "",
                "value": "{\"Version\":1,\"CloudWatchMetrics\":{\"Instance\":{\"CPUIrq\":null,\"LoadAverage5min\":null,\"ApplicationRequests5xx\":null,\"ApplicationRequests4xx\":null,\"CPUUser\":null,\"LoadAverage1min\":null,\"ApplicationLatencyP50\":null,\"CPUIdle\":null,\"InstanceHealth\":null,\"ApplicationLatencyP95\":null,\"ApplicationLatencyP85\":null,\"RootFilesystemUtil\":null,\"ApplicationLatencyP90\":null,\"CPUSystem\":null,\"ApplicationLatencyP75\":null,\"CPUSoftirq\":null,\"ApplicationLatencyP10\":null,\"ApplicationLatencyP99\":null,\"ApplicationRequestsTotal\":null,\"ApplicationLatencyP99.9\":null,\"ApplicationRequests3xx\":null,\"ApplicationRequests2xx\":null,\"CPUIowait\":null,\"CPUNice\":null},\"Environment\":{\"InstancesSevere\":null,\"InstancesDegraded\":null,\"ApplicationRequests5xx\":null,\"ApplicationRequests4xx\":null,\"ApplicationLatencyP50\":null,\"ApplicationLatencyP95\":null,\"ApplicationLatencyP85\":null,\"InstancesUnknown\":null,\"ApplicationLatencyP90\":null,\"InstancesInfo\":null,\"InstancesPending\":null,\"ApplicationLatencyP75\":null,\"ApplicationLatencyP10\":null,\"ApplicationLatencyP99\":null,\"ApplicationRequestsTotal\":null,\"InstancesNoData\":null,\"ApplicationLatencyP99.9\":null,\"ApplicationRequests3xx\":null,\"ApplicationRequests2xx\":null,\"InstancesOk\":null,\"InstancesWarning\":null}}}"
              },
              {
                "name": "Cooldown",
                "namespace": "aws:autoscaling:asg",
                "resource": "",
                "value": "360"
              },
              {
                "name": "Custom Availability Zones",
                "namespace": "aws:autoscaling:asg",
                "resource": "",
                "value": ""
              },
              {
                "name": "DefaultProcess",
                "namespace": "aws:elbv2:listener:default",
                "resource": "",
                "value": "default"
              },
              {
                "name": "DefaultSSHPort",
                "namespace": "aws:elasticbeanstalk:control",
                "resource": "",
                "value": "22"
              },
              {
                "name": "DeleteOnTerminate",
                "namespace": "aws:elasticbeanstalk:cloudwatch:logs",
                "resource": "",
                "value": "false"
              },
              {
                "name": "DeleteOnTerminate",
                "namespace": "aws:elasticbeanstalk:cloudwatch:logs:health",
                "resource": "",
                "value": "false"
              },
              {
                "name": "DeploymentPolicy",
                "namespace": "aws:elasticbeanstalk:command",
                "resource": "",
                "value": "AllAtOnce"
              },
              {
                "name": "DeregistrationDelay",
                "namespace": "aws:elasticbeanstalk:environment:process:default",
                "resource": "",
                "value": "20"
              },
              {
                "name": "DisableDefaultEC2SecurityGroup",
                "namespace": "aws:autoscaling:launchconfiguration",
                "resource": "",
                "value": "false"
              },
              {
                "name": "DisableIMDSv1",
                "namespace": "aws:autoscaling:launchconfiguration",
                "resource": "",
                "value": "true"
              },
              {
                "name": "EC2KeyName",
                "namespace": "aws:autoscaling:launchconfiguration",
                "resource": "",
                "value": ""
              },
              {
                "name": "ELBScheme",
                "namespace": "aws:ec2:vpc",
                "resource": "",
                "value": "public"
              },
              {
                "name": "ELBSubnets",
                "namespace": "aws:ec2:vpc",
                "resource": "",
                "value": ""
              },
              {
                "name": "EnableCapacityRebalancing",
                "namespace": "aws:autoscaling:asg",
                "resource": "",
                "value": "false"
              },
              {
                "name": "EnableSpot",
                "namespace": "aws:ec2:instances",
                "resource": "",
                "value": "false"
              },
              {
                "name": "EnhancedHealthAuthEnabled",
                "namespace": "aws:elasticbeanstalk:healthreporting:system",
                "resource": "",
                "value": "true"
              },
              {
                "name": "EnvironmentType",
                "namespace": "aws:elasticbeanstalk:environment",
                "resource": "",
                "value": "LoadBalanced"
              },
              {
                "name": "EnvironmentVariables",
                "namespace": "aws:cloudformation:template:parameter",
                "resource": "",
                "value": ""
              },
              {
                "name": "EvaluationPeriods",
                "namespace": "aws:autoscaling:trigger",
                "resource": "",
                "value": "1"
              },
              {
                "name": "EvaluationTime",
                "namespace": "aws:elasticbeanstalk:trafficsplitting",
                "resource": "",
                "value": ""
              },
              {
                "name": "ExternalExtensionsS3Bucket",
                "namespace": "aws:elasticbeanstalk:environment",
                "resource": "",
                "value": ""
              },
              {
                "name": "ExternalExtensionsS3Key",
                "namespace": "aws:elasticbeanstalk:environment",
                "resource": "",
                "value": ""
              },
              {
                "name": "HasCoupledDatabase",
                "namespace": "aws:rds:dbinstance",
                "resource": "",
                "value": "false"
              },
              {
                "name": "HealthCheckInterval",
                "namespace": "aws:elasticbeanstalk:environment:process:default",
                "resource": "",
                "value": "15"
              },
              {
                "name": "HealthCheckPath",
                "namespace": "aws:elasticbeanstalk:environment:process:default",
                "resource": "",
                "value": "/"
              },
              {
                "name": "HealthCheckSuccessThreshold",
                "namespace": "aws:elasticbeanstalk:healthreporting:system",
                "resource": "",
                "value": "Ok"
              },
              {
                "name": "HealthCheckTimeout",
                "namespace": "aws:elasticbeanstalk:environment:process:default",
                "resource": "",
                "value": "5"
              },
              {
                "name": "HealthStreamingEnabled",
                "namespace": "aws:elasticbeanstalk:cloudwatch:logs:health",
                "resource": "",
                "value": "false"
              },
              {
                "name": "HealthyThresholdCount",
                "namespace": "aws:elasticbeanstalk:environment:process:default",
                "resource": "",
                "value": "3"
              },
              {
                "name": "HooksPkgUrl",
                "namespace": "aws:cloudformation:template:parameter",
                "resource": "",
                "value": "https://elasticbeanstalk-platform-assets-us-west-2.s3.us-west-2.amazonaws.com/stalks/eb_nodejs22_amazon_linux_2023_1.0.599.0_20250327002531/lib/hooks.tar.gz"
              },
              {
                "name": "IamInstanceProfile",
                "namespace": "aws:autoscaling:launchconfiguration",
                "resource": "",
                "value": "node-dashboard_role_new"
              },
              {
                "name": "IdleTimeout",
                "namespace": "aws:elbv2:loadbalancer",
                "resource": "",
                "value": ""
              },
              {
                "name": "IgnoreHealthCheck",
                "namespace": "aws:elasticbeanstalk:command",
                "resource": "",
                "value": "false"
              },
              {
                "name": "ImageId",
                "namespace": "aws:autoscaling:launchconfiguration",
                "resource": "",
                "value": "ami-01e0e2070964b9fb8"
              },
              {
                "name": "InstancePort",
                "namespace": "aws:cloudformation:template:parameter",
                "resource": "",
                "value": "80"
              },
              {
                "name": "InstanceRefreshEnabled",
                "namespace": "aws:elasticbeanstalk:managedactions:platformupdate",
                "resource": "",
                "value": "false"
              },
              {
                "name": "InstanceType",
                "namespace": "aws:autoscaling:launchconfiguration",
                "resource": "",
                "value": "t2.micro"
              },
              {
                "name": "InstanceTypeFamily",
                "namespace": "aws:cloudformation:template:parameter",
                "resource": "",
                "value": "t2"
              },
              {
                "name": "InstanceTypes",
                "namespace": "aws:ec2:instances",
                "resource": "",
                "value": "t2.micro"
              },
              {
                "name": "LaunchTemplateTagPropagationEnabled",
                "namespace": "aws:autoscaling:launchconfiguration",
                "resource": "",
                "value": ""
              },
              {
                "name": "LaunchTimeout",
                "namespace": "aws:elasticbeanstalk:control",
                "resource": "",
                "value": "0"
              },
              {
                "name": "LaunchType",
                "namespace": "aws:elasticbeanstalk:control",
                "resource": "",
                "value": "Migration"
              },
              {
                "name": "ListenerEnabled",
                "namespace": "aws:elbv2:listener:default",
                "resource": "",
                "value": "true"
              },
              {
                "name": "LoadBalancerIsShared",
                "namespace": "aws:elasticbeanstalk:environment",
                "resource": "",
                "value": "false"
              },
              {
                "name": "LoadBalancerType",
                "namespace": "aws:elasticbeanstalk:environment",
                "resource": "",
                "value": "application"
              },
              {
                "name": "LogPublicationControl",
                "namespace": "aws:elasticbeanstalk:hostmanager",
                "resource": "",
                "value": "false"
              },
              {
                "name": "LowerBreachScaleIncrement",
                "namespace": "aws:autoscaling:trigger",
                "resource": "",
                "value": "-1"
              },
              {
                "name": "LowerThreshold",
                "namespace": "aws:autoscaling:trigger",
                "resource": "",
                "value": "2000000"
              },
              {
                "name": "ManagedActionsEnabled",
                "namespace": "aws:elasticbeanstalk:managedactions",
                "resource": "",
                "value": "false"
              },
              {
                "name": "MatcherHTTPCode",
                "namespace": "aws:elasticbeanstalk:environment:process:default",
                "resource": "",
                "value": "200"
              },
              {
                "name": "MaxBatchSize",
                "namespace": "aws:autoscaling:updatepolicy:rollingupdate",
                "resource": "",
                "value": ""
              },
              {
                "name": "MaxSize",
                "namespace": "aws:autoscaling:asg",
                "resource": "",
                "value": "2"
              },
              {
                "name": "MeasureName",
                "namespace": "aws:autoscaling:trigger",
                "resource": "",
                "value": "NetworkOut"
              },
              {
                "name": "MinInstancesInService",
                "namespace": "aws:autoscaling:updatepolicy:rollingupdate",
                "resource": "",
                "value": ""
              },
              {
                "name": "MinSize",
                "namespace": "aws:autoscaling:asg",
                "resource": "",
                "value": "1"
              },
              {
                "name": "MonitoringInterval",
                "namespace": "aws:autoscaling:launchconfiguration",
                "resource": "",
                "value": "5 minute"
              },
              {
                "name": "NewVersionPercent",
                "namespace": "aws:elasticbeanstalk:trafficsplitting",
                "resource": "",
                "value": ""
              },
              {
                "name": "Notification Endpoint",
                "namespace": "aws:elasticbeanstalk:sns:topics",
                "resource": "",
                "value": ""
              },
              {
                "name": "Notification Protocol",
                "namespace": "aws:elasticbeanstalk:sns:topics",
                "resource": "",
                "value": "email"
              },
              {
                "name": "Notification Topic ARN",
                "namespace": "aws:elasticbeanstalk:sns:topics",
                "resource": "",
                "value": ""
              },
              {
                "name": "Notification Topic Name",
                "namespace": "aws:elasticbeanstalk:sns:topics",
                "resource": "",
                "value": ""
              },
              {
                "name": "PauseTime",
                "namespace": "aws:autoscaling:updatepolicy:rollingupdate",
                "resource": "",
                "value": ""
              },
              {
                "name": "Period",
                "namespace": "aws:autoscaling:trigger",
                "resource": "",
                "value": "5"
              },
              {
                "name": "Port",
                "namespace": "aws:elasticbeanstalk:environment:process:default",
                "resource": "",
                "value": "80"
              },
              {
                "name": "PreferredStartTime",
                "namespace": "aws:elasticbeanstalk:managedactions",
                "resource": "",
                "value": ""
              },
              {
                "name": "Protocol",
                "namespace": "aws:elasticbeanstalk:environment:process:default",
                "resource": "",
                "value": "HTTP"
              },
              {
                "name": "Protocol",
                "namespace": "aws:elbv2:listener:default",
                "resource": "",
                "value": "HTTP"
              },
              {
                "name": "ProxyServer",
                "namespace": "aws:elasticbeanstalk:environment:proxy",
                "resource": "",
                "value": "nginx"
              },
              {
                "name": "RetentionInDays",
                "namespace": "aws:elasticbeanstalk:cloudwatch:logs",
                "resource": "",
                "value": "7"
              },
              {
                "name": "RetentionInDays",
                "namespace": "aws:elasticbeanstalk:cloudwatch:logs:health",
                "resource": "",
                "value": "7"
              },
              {
                "name": "RollbackLaunchOnFailure",
                "namespace": "aws:elasticbeanstalk:control",
                "resource": "",
                "value": "false"
              },
              {
                "name": "RollingUpdateEnabled",
                "namespace": "aws:autoscaling:updatepolicy:rollingupdate",
                "resource": "",
                "value": "false"
              },
              {
                "name": "RollingUpdateType",
                "namespace": "aws:autoscaling:updatepolicy:rollingupdate",
                "resource": "",
                "value": "Time"
              },
              {
                "name": "RootVolumeIOPS",
                "namespace": "aws:autoscaling:launchconfiguration",
                "resource": "",
                "value": ""
              },
              {
                "name": "RootVolumeSize",
                "namespace": "aws:autoscaling:launchconfiguration",
                "resource": "",
                "value": ""
              },
              {
                "name": "RootVolumeThroughput",
                "namespace": "aws:autoscaling:launchconfiguration",
                "resource": "",
                "value": ""
              },
              {
                "name": "RootVolumeType",
                "namespace": "aws:autoscaling:launchconfiguration",
                "resource": "",
                "value": ""
              },
              {
                "name": "Rules",
                "namespace": "aws:elbv2:listener:default",
                "resource": "",
                "value": ""
              },
              {
                "name": "SSHSourceRestriction",
                "namespace": "aws:autoscaling:launchconfiguration",
                "resource": "",
                "value": "tcp,22,22,0.0.0.0/0"
              },
              {
                "name": "SSLCertificateArns",
                "namespace": "aws:elbv2:listener:default",
                "resource": "",
                "value": ""
              },
              {
                "name": "SSLPolicy",
                "namespace": "aws:elbv2:listener:default",
                "resource": "",
                "value": ""
              },
              {
                "name": "SecurityGroups",
                "namespace": "aws:autoscaling:launchconfiguration",
                "resource": "",
                "value": "awseb-e-3pp8u5mnkw-stack-AWSEBSecurityGroup-5gza5DvEv9bc"
              },
              {
                "name": "SecurityGroups",
                "namespace": "aws:elbv2:loadbalancer",
                "resource": "",
                "value": ""
              },
              {
                "name": "ServiceRole",
                "namespace": "aws:elasticbeanstalk:environment",
                "resource": "",
                "value": "AWSServiceRoleForElasticBeanstalk"
              },
              {
                "name": "ServiceRoleForManagedUpdates",
                "namespace": "aws:elasticbeanstalk:managedactions",
                "resource": "",
                "value": ""
              },
              {
                "name": "SpotAllocationStrategy",
                "namespace": "aws:ec2:instances",
                "resource": "",
                "value": "capacity-optimized"
              },
              {
                "name": "SpotFleetOnDemandAboveBasePercentage",
                "namespace": "aws:ec2:instances",
                "resource": "",
                "value": "70"
              },
              {
                "name": "SpotFleetOnDemandBase",
                "namespace": "aws:ec2:instances",
                "resource": "",
                "value": "0"
              },
              {
                "name": "SpotMaxPrice",
                "namespace": "aws:ec2:instances",
                "resource": "",
                "value": ""
              },
              {
                "name": "StaticFiles",
                "namespace": "aws:cloudformation:template:parameter",
                "resource": "",
                "value": ""
              },
              {
                "name": "Statistic",
                "namespace": "aws:autoscaling:trigger",
                "resource": "",
                "value": "Average"
              },
              {
                "name": "StickinessEnabled",
                "namespace": "aws:elasticbeanstalk:environment:process:default",
                "resource": "",
                "value": "false"
              },
              {
                "name": "StickinessLBCookieDuration",
                "namespace": "aws:elasticbeanstalk:environment:process:default",
                "resource": "",
                "value": "86400"
              },
              {
                "name": "StickinessType",
                "namespace": "aws:elasticbeanstalk:environment:process:default",
                "resource": "",
                "value": "lb_cookie"
              },
              {
                "name": "StreamLogs",
                "namespace": "aws:elasticbeanstalk:cloudwatch:logs",
                "resource": "",
                "value": "false"
              },
              {
                "name": "Subnets",
                "namespace": "aws:ec2:vpc",
                "resource": "",
                "value": ""
              },
              {
                "name": "SupportedArchitectures",
                "namespace": "aws:ec2:instances",
                "resource": "",
                "value": "x86_64"
              },
              {
                "name": "SystemType",
                "namespace": "aws:elasticbeanstalk:healthreporting:system",
                "resource": "",
                "value": "enhanced"
              },
              {
                "name": "Timeout",
                "namespace": "aws:autoscaling:updatepolicy:rollingupdate",
                "resource": "",
                "value": "PT30M"
              },
              {
                "name": "Timeout",
                "namespace": "aws:elasticbeanstalk:command",
                "resource": "",
                "value": "600"
              },
              {
                "name": "UnhealthyThresholdCount",
                "namespace": "aws:elasticbeanstalk:environment:process:default",
                "resource": "",
                "value": "5"
              },
              {
                "name": "Unit",
                "namespace": "aws:autoscaling:trigger",
                "resource": "",
                "value": "Bytes"
              },
              {
                "name": "UpdateLevel",
                "namespace": "aws:elasticbeanstalk:managedactions:platformupdate",
                "resource": "",
                "value": ""
              },
              {
                "name": "UpperBreachScaleIncrement",
                "namespace": "aws:autoscaling:trigger",
                "resource": "",
                "value": "1"
              },
              {
                "name": "UpperThreshold",
                "namespace": "aws:autoscaling:trigger",
                "resource": "",
                "value": "6000000"
              },
              {
                "name": "VPCId",
                "namespace": "aws:ec2:vpc",
                "resource": "",
                "value": ""
              },
              {
                "name": "XRayEnabled",
                "namespace": "aws:elasticbeanstalk:xray",
                "resource": "",
                "value": "false"
              }
            ],
            "application": "node-dashboard-app",
            "arn": "arn:aws:elasticbeanstalk:us-west-2:561989917970:environment/node-dashboard-app/node-dashboard-env",
            "autoscaling_groups": [
              "awseb-e-3pp8u5mnkw-stack-AWSEBAutoScalingGroup-kNMkoGzfMDUv"
            ],
            "cname": "node-dashboard-env.eba-7xhxnawf.us-west-2.elasticbeanstalk.com",
            "cname_prefix": "",
            "description": "",
            "endpoint_url": "awseb--AWSEB-1ZyPbpgfw506-1445287379.us-west-2.elb.amazonaws.com",
            "id": "e-3pp8u5mnkw",
            "instances": [
              "i-0cbf78b4ab2d44365"
            ],
            "launch_configurations": [
              "awseb-e-3pp8u5mnkw-stack-AWSEBAutoScalingLaunchConfiguration-N4994uzCOlf3"
            ],
            "load_balancers": [
              "arn:aws:elasticloadbalancing:us-west-2:561989917970:loadbalancer/app/awseb--AWSEB-1ZyPbpgfw506/904b6b39487a5624"
            ],
            "name": "node-dashboard-env",
            "platform_arn": "arn:aws:elasticbeanstalk:us-west-2::platform/Node.js 22 running on 64bit Amazon Linux 2023/6.5.0",
            "poll_interval": null,
            "queues": [],
            "setting": [
              {
                "name": "IamInstanceProfile",
                "namespace": "aws:autoscaling:launchconfiguration",
                "resource": "",
                "value": "node-dashboard_role_new"
              },
              {
                "name": "InstanceType",
                "namespace": "aws:autoscaling:launchconfiguration",
                "resource": "",
                "value": "t2.micro"
              },
              {
                "name": "LoadBalancerType",
                "namespace": "aws:elasticbeanstalk:environment",
                "resource": "",
                "value": "application"
              },
              {
                "name": "MatcherHTTPCode",
                "namespace": "aws:elasticbeanstalk:environment:process:default",
                "resource": "",
                "value": "200"
              },
              {
                "name": "MaxSize",
                "namespace": "aws:autoscaling:asg",
                "resource": "",
                "value": "2"
              },
              {
                "name": "MinSize",
                "namespace": "aws:autoscaling:asg",
                "resource": "",
                "value": "1"
              },
              {
                "name": "SystemType",
                "namespace": "aws:elasticbeanstalk:healthreporting:system",
                "resource": "",
                "value": "enhanced"
              }
            ],
            "solution_stack_name": "64bit Amazon Linux 2023 v6.5.0 running Node.js 22",
            "tags": null,
            "tags_all": {},
            "template_name": null,
            "tier": "WebServer",
            "triggers": [],
            "version_label": "",
            "wait_for_ready_timeout": "20m"
          },
          "sensitive_attributes": [],
          "private": "eyJzY2hlbWFfdmVyc2lvbiI6IjEifQ==",
          "dependencies": [
            "aws_elastic_beanstalk_application.node-dashboard-app",
            "aws_iam_instance_profile.subject_profile",
            "aws_iam_role.role"
          ]
        }
      ]
    },
    {
      "mode": "managed",
      "type": "aws_iam_instance_profile",
      "name": "subject_profile",
      "provider": "provider[\"registry.terraform.io/hashicorp/aws\"]",
      "instances": [
        {
          "schema_version": 0,
          "attributes": {
            "arn": "arn:aws:iam::561989917970:instance-profile/node-dashboard_role_new",
            "create_date": "2025-05-14T16:36:30Z",
            "id": "node-dashboard_role_new",
            "name": "node-dashboard_role_new",
            "name_prefix": "",
            "path": "/",
            "role": "node-dashboard_role_new",
            "tags": null,
            "tags_all": {},
            "unique_id": "AIPAYFWJVTUJJSWOVMOKC"
          },
          "sensitive_attributes": [],
          "private": "bnVsbA==",
          "dependencies": [
            "aws_iam_role.role"
          ]
        }
      ]
    },
    {
      "mode": "managed",
      "type": "aws_iam_role",
      "name": "role",
      "provider": "provider[\"registry.terraform.io/hashicorp/aws\"]",
      "instances": [
        {
          "schema_version": 0,
          "attributes": {
            "arn": "arn:aws:iam::561989917970:role/node-dashboard_role_new",
            "assume_role_policy": "{\"Statement\":[{\"Action\":\"sts:AssumeRole\",\"Effect\":\"Allow\",\"Principal\":{\"Service\":\"ec2.amazonaws.com\"},\"Sid\":\"\"}],\"Version\":\"2012-10-17\"}",
            "create_date": "2025-05-14T16:36:28Z",
            "description": "",
            "force_detach_policies": false,
            "id": "node-dashboard_role_new",
            "inline_policy": [],
            "managed_policy_arns": [],
            "max_session_duration": 3600,
            "name": "node-dashboard_role_new",
            "name_prefix": "",
            "path": "/",
            "permissions_boundary": "",
            "tags": null,
            "tags_all": {},
            "unique_id": "AROAYFWJVTUJMGO7HUDAN"
          },
          "sensitive_attributes": [],
          "private": "bnVsbA=="
        }
      ]
    },
    {
      "mode": "managed",
      "type": "aws_iam_role_policy_attachment",
      "name": "role-policy-attachment",
      "provider": "provider[\"registry.terraform.io/hashicorp/aws\"]",
      "instances": [
        {
          "index_key": "arn:aws:iam::aws:policy/AWSElasticBeanstalkMulticontainerDocker",
          "schema_version": 0,
          "attributes": {
            "id": "node-dashboard_role_new-20250514163630207700000003",
            "policy_arn": "arn:aws:iam::aws:policy/AWSElasticBeanstalkMulticontainerDocker",
            "role": "node-dashboard_role_new"
          },
          "sensitive_attributes": [],
          "private": "bnVsbA==",
          "dependencies": [
            "aws_iam_role.role"
          ]
        },
        {
          "index_key": "arn:aws:iam::aws:policy/AWSElasticBeanstalkWebTier",
          "schema_version": 0,
          "attributes": {
            "id": "node-dashboard_role_new-20250514163629895000000002",
            "policy_arn": "arn:aws:iam::aws:policy/AWSElasticBeanstalkWebTier",
            "role": "node-dashboard_role_new"
          },
          "sensitive_attributes": [],
          "private": "bnVsbA==",
          "dependencies": [
            "aws_iam_role.role"
          ]
        },
        {
          "index_key": "arn:aws:iam::aws:policy/AWSElasticBeanstalkWorkerTier",
          "schema_version": 0,
          "attributes": {
            "id": "node-dashboard_role_new-20250514163629570300000001",
            "policy_arn": "arn:aws:iam::aws:policy/AWSElasticBeanstalkWorkerTier",
            "role": "node-dashboard_role_new"
          },
          "sensitive_attributes": [],
          "private": "bnVsbA==",
          "dependencies": [
            "aws_iam_role.role"
          ]
        }
      ]
    }
  ],
  "check_results": null
}
